
Microsoft Visual Studio Solution File, Format Version 12.00
# Visual Studio Version 17
VisualStudioVersion = 17.0.32126.317
MinimumVisualStudioVersion = 10.0.40219.1
Project("{9A19103F-16F7-4668-BE54-9A1E7A4F7556}") = "DependencyInjectionAndServiceLifetimes", "DependencyInjectionAndServiceLifetimes\DependencyInjectionAndServiceLifetimes.csproj", "{6377E420-32E1-4C0A-9A16-DEE71E4B17AD}"
EndProject
Project("{FAE04EC0-301F-11D3-BF4B-00C04F79EFBC}") = "DependencyInjectionAndServiceLifetimes.Test", "DependencyInjectionAndServiceLifetimes.Test\DependencyInjectionAndServiceLifetimes.Test.csproj", "{7E6EC65D-B936-4715-B3B9-C6E58EE5607E}"
EndProject
Global
	GlobalSection(SolutionConfigurationPlatforms) = preSolution
		Debug|Any CPU = Debug|Any CPU
		Release|Any CPU = Release|Any CPU
	EndGlobalSection
	GlobalSection(ProjectConfigurationPlatforms) = postSolution
		{6377E420-32E1-4C0A-9A16-DEE71E4B17AD}.Debug|Any CPU.ActiveCfg = Debug|Any CPU
		{6377E420-32E1-4C0A-9A16-DEE71E4B17AD}.Debug|Any CPU.Build.0 = Debug|Any CPU
		{6377E420-32E1-4C0A-9A16-DEE71E4B17AD}.Release|Any CPU.ActiveCfg = Release|Any CPU
		{6377E420-32E1-4C0A-9A16-DEE71E4B17AD}.Release|Any CPU.Build.0 = Release|Any CPU
		{7E6EC65D-B936-4715-B3B9-C6E58EE5607E}.Debug|Any CPU.ActiveCfg = Debug|Any CPU
		{7E6EC65D-B936-4715-B3B9-C6E58EE5607E}.Debug|Any CPU.Build.0 = Debug|Any CPU
		{7E6EC65D-B936-4715-B3B9-C6E58EE5607E}.Release|Any CPU.ActiveCfg = Release|Any CPU
		{7E6EC65D-B936-4715-B3B9-C6E58EE5607E}.Release|Any CPU.Build.0 = Release|Any CPU
	EndGlobalSection
	GlobalSection(SolutionProperties) = preSolution
		HideSolutionNode = FALSE
	EndGlobalSection
	GlobalSection(ExtensibilityGlobals) = postSolution
		SolutionGuid = {FF26ADED-5200-47C9-9013-FF7D28552E32}
	EndGlobalSection
EndGlobal
